
Microsoft Visual Studio Solution File, Format Version 12.00
# Visual Studio Version 17
VisualStudioVersion = 17.0.31912.275
MinimumVisualStudioVersion = 10.0.40219.1
Project("{FAE04EC0-301F-11D3-BF4B-00C04F79EFBC}") = "Tournaments", "Tournaments\Tournaments.csproj", "{AE3CC03F-5EA4-4048-85F3-A911010C3F51}"
EndProject
Project("{FAE04EC0-301F-11D3-BF4B-00C04F79EFBC}") = "Dto", "Dto\Dto.csproj", "{3CF3C743-11D3-468A-BC65-10A05F214959}"
EndProject
Project("{FAE04EC0-301F-11D3-BF4B-00C04F79EFBC}") = "Migration", "Migrations\Migration.csproj", "{79A93D45-9617-4617-BF82-EB3E2B445381}"
EndProject
Project("{FAE04EC0-301F-11D3-BF4B-00C04F79EFBC}") = "Model", "Model\Model.csproj", "{C6B4EDC3-F905-47FC-A98F-5EA1D138F54E}"
EndProject
Project("{FAE04EC0-301F-11D3-BF4B-00C04F79EFBC}") = "Repository", "Repository\Repository.csproj", "{398F736B-1245-41E0-A20E-0645D1F6EED1}"
EndProject
Project("{FAE04EC0-301F-11D3-BF4B-00C04F79EFBC}") = "Service", "Service\Service.csproj", "{FB4CD8B2-B497-4053-8A32-CC088941D6CE}"
EndProject
Global
	GlobalSection(SolutionConfigurationPlatforms) = preSolution
		Debug|Any CPU = Debug|Any CPU
		Release|Any CPU = Release|Any CPU
	EndGlobalSection
	GlobalSection(ProjectConfigurationPlatforms) = postSolution
		{AE3CC03F-5EA4-4048-85F3-A911010C3F51}.Debug|Any CPU.ActiveCfg = Debug|Any CPU
		{AE3CC03F-5EA4-4048-85F3-A911010C3F51}.Debug|Any CPU.Build.0 = Debug|Any CPU
		{AE3CC03F-5EA4-4048-85F3-A911010C3F51}.Release|Any CPU.ActiveCfg = Release|Any CPU
		{AE3CC03F-5EA4-4048-85F3-A911010C3F51}.Release|Any CPU.Build.0 = Release|Any CPU
		{3CF3C743-11D3-468A-BC65-10A05F214959}.Debug|Any CPU.ActiveCfg = Debug|Any CPU
		{3CF3C743-11D3-468A-BC65-10A05F214959}.Debug|Any CPU.Build.0 = Debug|Any CPU
		{3CF3C743-11D3-468A-BC65-10A05F214959}.Release|Any CPU.ActiveCfg = Release|Any CPU
		{3CF3C743-11D3-468A-BC65-10A05F214959}.Release|Any CPU.Build.0 = Release|Any CPU
		{79A93D45-9617-4617-BF82-EB3E2B445381}.Debug|Any CPU.ActiveCfg = Debug|Any CPU
		{79A93D45-9617-4617-BF82-EB3E2B445381}.Debug|Any CPU.Build.0 = Debug|Any CPU
		{79A93D45-9617-4617-BF82-EB3E2B445381}.Release|Any CPU.ActiveCfg = Release|Any CPU
		{79A93D45-9617-4617-BF82-EB3E2B445381}.Release|Any CPU.Build.0 = Release|Any CPU
		{C6B4EDC3-F905-47FC-A98F-5EA1D138F54E}.Debug|Any CPU.ActiveCfg = Debug|Any CPU
		{C6B4EDC3-F905-47FC-A98F-5EA1D138F54E}.Debug|Any CPU.Build.0 = Debug|Any CPU
		{C6B4EDC3-F905-47FC-A98F-5EA1D138F54E}.Release|Any CPU.ActiveCfg = Release|Any CPU
		{C6B4EDC3-F905-47FC-A98F-5EA1D138F54E}.Release|Any CPU.Build.0 = Release|Any CPU
		{398F736B-1245-41E0-A20E-0645D1F6EED1}.Debug|Any CPU.ActiveCfg = Debug|Any CPU
		{398F736B-1245-41E0-A20E-0645D1F6EED1}.Debug|Any CPU.Build.0 = Debug|Any CPU
		{398F736B-1245-41E0-A20E-0645D1F6EED1}.Release|Any CPU.ActiveCfg = Release|Any CPU
		{398F736B-1245-41E0-A20E-0645D1F6EED1}.Release|Any CPU.Build.0 = Release|Any CPU
		{FB4CD8B2-B497-4053-8A32-CC088941D6CE}.Debug|Any CPU.ActiveCfg = Debug|Any CPU
		{FB4CD8B2-B497-4053-8A32-CC088941D6CE}.Debug|Any CPU.Build.0 = Debug|Any CPU
		{FB4CD8B2-B497-4053-8A32-CC088941D6CE}.Release|Any CPU.ActiveCfg = Release|Any CPU
		{FB4CD8B2-B497-4053-8A32-CC088941D6CE}.Release|Any CPU.Build.0 = Release|Any CPU
	EndGlobalSection
	GlobalSection(SolutionProperties) = preSolution
		HideSolutionNode = FALSE
	EndGlobalSection
	GlobalSection(ExtensibilityGlobals) = postSolution
		SolutionGuid = {B18AB953-92A8-40EE-96FD-E443AF09C4A8}
	EndGlobalSection
EndGlobal
